// !$*UTF8*$!
{
	archiveVersion = 1;
	classes = {
	};
	objectVersion = 54;
	objects = {

/* Begin PBXBuildFile section */
		058557BB273AAA24004C7B11 /* Assets.xcassets in Resources */ = {isa = PBXBuildFile; fileRef = 058557BA273AAA24004C7B11 /* Assets.xcassets */; };
		058557D9273AAEEB004C7B11 /* Preview Assets.xcassets in Resources */ = {isa = PBXBuildFile; fileRef = 058557D8273AAEEB004C7B11 /* Preview Assets.xcassets */; };
		2152FB042600AC8F00CF470E /* iOSApp.swift in Sources */ = {isa = PBXBuildFile; fileRef = 2152FB032600AC8F00CF470E /* iOSApp.swift */; };
		5110D3CF2BE7B62A00F91AB9 /* BookOdysseeKM_iOSUITests.swift in Sources */ = {isa = PBXBuildFile; fileRef = 5110D3CE2BE7B62A00F91AB9 /* BookOdysseeKM_iOSUITests.swift */; };
		5110D3D12BE7B62A00F91AB9 /* BookOdysseeKM_iOSUITestsLaunchTests.swift in Sources */ = {isa = PBXBuildFile; fileRef = 5110D3D02BE7B62A00F91AB9 /* BookOdysseeKM_iOSUITestsLaunchTests.swift */; };
		512B5F6C2B5D53DD00A2A3ED /* KMPNativeCoroutinesAsync in Frameworks */ = {isa = PBXBuildFile; productRef = 512B5F6B2B5D53DD00A2A3ED /* KMPNativeCoroutinesAsync */; };
		512B5F6E2B5D53DD00A2A3ED /* KMPNativeCoroutinesCore in Frameworks */ = {isa = PBXBuildFile; productRef = 512B5F6D2B5D53DD00A2A3ED /* KMPNativeCoroutinesCore */; };
		512B5F712B5D542A00A2A3ED /* SearchView.swift in Sources */ = {isa = PBXBuildFile; fileRef = 512B5F702B5D542A00A2A3ED /* SearchView.swift */; };
		512B5F732B5D544400A2A3ED /* SearchReactor.swift in Sources */ = {isa = PBXBuildFile; fileRef = 512B5F722B5D544400A2A3ED /* SearchReactor.swift */; };
		512B5F762B5D54BA00A2A3ED /* BookDataRow.swift in Sources */ = {isa = PBXBuildFile; fileRef = 512B5F752B5D54BA00A2A3ED /* BookDataRow.swift */; };
		516D69932B5C18D900908D6C /* LoginView.swift in Sources */ = {isa = PBXBuildFile; fileRef = 516D69922B5C18D900908D6C /* LoginView.swift */; };
		516D69962B5C18F000908D6C /* StartView.swift in Sources */ = {isa = PBXBuildFile; fileRef = 516D69952B5C18F000908D6C /* StartView.swift */; };
		516D69992B5C191C00908D6C /* AsyncReactor in Frameworks */ = {isa = PBXBuildFile; productRef = 516D69982B5C191C00908D6C /* AsyncReactor */; };
		516D699B2B5C1A4E00908D6C /* LoginReactor.swift in Sources */ = {isa = PBXBuildFile; fileRef = 516D699A2B5C1A4E00908D6C /* LoginReactor.swift */; };
		516DE8802B5FD1DB0041D994 /* DataRow.swift in Sources */ = {isa = PBXBuildFile; fileRef = 516DE87F2B5FD1DB0041D994 /* DataRow.swift */; };
		516DE8822B5FD1F30041D994 /* BookView.swift in Sources */ = {isa = PBXBuildFile; fileRef = 516DE8812B5FD1F30041D994 /* BookView.swift */; };
		516DE8842B5FD2040041D994 /* BookReactor.swift in Sources */ = {isa = PBXBuildFile; fileRef = 516DE8832B5FD2040041D994 /* BookReactor.swift */; };
		516DE8872B5FD31A0041D994 /* ReadingState.swift in Sources */ = {isa = PBXBuildFile; fileRef = 516DE8862B5FD31A0041D994 /* ReadingState.swift */; };
		51995C012B619CE60010783C /* FinishedView.swift in Sources */ = {isa = PBXBuildFile; fileRef = 51995C002B619CE60010783C /* FinishedView.swift */; };
		51995C032B619D250010783C /* FinishedReactor.swift in Sources */ = {isa = PBXBuildFile; fileRef = 51995C022B619D250010783C /* FinishedReactor.swift */; };
		51995C052B619F610010783C /* BottomBar.swift in Sources */ = {isa = PBXBuildFile; fileRef = 51995C042B619F610010783C /* BottomBar.swift */; };
		519AC29E2B5FBBAF009C1FD6 /* AppConfig.swift in Sources */ = {isa = PBXBuildFile; fileRef = 519AC29D2B5FBBAF009C1FD6 /* AppConfig.swift */; };
		51AB74BC2B6065A000570355 /* HomeView.swift in Sources */ = {isa = PBXBuildFile; fileRef = 51AB74BB2B6065A000570355 /* HomeView.swift */; };
		51AB74BE2B6065A800570355 /* HomeReactor.swift in Sources */ = {isa = PBXBuildFile; fileRef = 51AB74BD2B6065A800570355 /* HomeReactor.swift */; };
		51AB74C02B6067C300570355 /* BookList.swift in Sources */ = {isa = PBXBuildFile; fileRef = 51AB74BF2B6067C300570355 /* BookList.swift */; };
		51E0DE532B5EB21400403A8C /* RegistrationView.swift in Sources */ = {isa = PBXBuildFile; fileRef = 51E0DE522B5EB21400403A8C /* RegistrationView.swift */; };
		51E0DE552B5EB24B00403A8C /* RegistrationReactor.swift in Sources */ = {isa = PBXBuildFile; fileRef = 51E0DE542B5EB24B00403A8C /* RegistrationReactor.swift */; };
		7555FF83242A565900829871 /* ContentView.swift in Sources */ = {isa = PBXBuildFile; fileRef = 7555FF82242A565900829871 /* ContentView.swift */; };
/* End PBXBuildFile section */

/* Begin PBXContainerItemProxy section */
		5110D3D22BE7B62A00F91AB9 /* PBXContainerItemProxy */ = {
			isa = PBXContainerItemProxy;
			containerPortal = 7555FF73242A565900829871 /* Project object */;
			proxyType = 1;
			remoteGlobalIDString = 7555FF7A242A565900829871;
			remoteInfo = BookOdysseeKM_iOS;
		};
/* End PBXContainerItemProxy section */

/* Begin PBXCopyFilesBuildPhase section */
		7555FFB4242A642300829871 /* Embed Frameworks */ = {
			isa = PBXCopyFilesBuildPhase;
			buildActionMask = 2147483647;
			dstPath = "";
			dstSubfolderSpec = 10;
			files = (
			);
			name = "Embed Frameworks";
			runOnlyForDeploymentPostprocessing = 0;
		};
/* End PBXCopyFilesBuildPhase section */

/* Begin PBXFileReference section */
		058557BA273AAA24004C7B11 /* Assets.xcassets */ = {isa = PBXFileReference; lastKnownFileType = folder.assetcatalog; path = Assets.xcassets; sourceTree = "<group>"; };
		058557D8273AAEEB004C7B11 /* Preview Assets.xcassets */ = {isa = PBXFileReference; lastKnownFileType = folder.assetcatalog; path = "Preview Assets.xcassets"; sourceTree = "<group>"; };
		2152FB032600AC8F00CF470E /* iOSApp.swift */ = {isa = PBXFileReference; lastKnownFileType = sourcecode.swift; path = iOSApp.swift; sourceTree = "<group>"; };
		5110D3CC2BE7B62A00F91AB9 /* BookOdysseeKM_iOSUITests.xctest */ = {isa = PBXFileReference; explicitFileType = wrapper.cfbundle; includeInIndex = 0; path = BookOdysseeKM_iOSUITests.xctest; sourceTree = BUILT_PRODUCTS_DIR; };
		5110D3CE2BE7B62A00F91AB9 /* BookOdysseeKM_iOSUITests.swift */ = {isa = PBXFileReference; lastKnownFileType = sourcecode.swift; path = BookOdysseeKM_iOSUITests.swift; sourceTree = "<group>"; };
		5110D3D02BE7B62A00F91AB9 /* BookOdysseeKM_iOSUITestsLaunchTests.swift */ = {isa = PBXFileReference; lastKnownFileType = sourcecode.swift; path = BookOdysseeKM_iOSUITestsLaunchTests.swift; sourceTree = "<group>"; };
		512B5F702B5D542A00A2A3ED /* SearchView.swift */ = {isa = PBXFileReference; lastKnownFileType = sourcecode.swift; path = SearchView.swift; sourceTree = "<group>"; };
		512B5F722B5D544400A2A3ED /* SearchReactor.swift */ = {isa = PBXFileReference; lastKnownFileType = sourcecode.swift; path = SearchReactor.swift; sourceTree = "<group>"; };
		512B5F752B5D54BA00A2A3ED /* BookDataRow.swift */ = {isa = PBXFileReference; lastKnownFileType = sourcecode.swift; path = BookDataRow.swift; sourceTree = "<group>"; };
		516D69922B5C18D900908D6C /* LoginView.swift */ = {isa = PBXFileReference; lastKnownFileType = sourcecode.swift; path = LoginView.swift; sourceTree = "<group>"; };
		516D69952B5C18F000908D6C /* StartView.swift */ = {isa = PBXFileReference; lastKnownFileType = sourcecode.swift; path = StartView.swift; sourceTree = "<group>"; };
		516D699A2B5C1A4E00908D6C /* LoginReactor.swift */ = {isa = PBXFileReference; lastKnownFileType = sourcecode.swift; path = LoginReactor.swift; sourceTree = "<group>"; };
		516DE87F2B5FD1DB0041D994 /* DataRow.swift */ = {isa = PBXFileReference; lastKnownFileType = sourcecode.swift; path = DataRow.swift; sourceTree = "<group>"; };
		516DE8812B5FD1F30041D994 /* BookView.swift */ = {isa = PBXFileReference; lastKnownFileType = sourcecode.swift; path = BookView.swift; sourceTree = "<group>"; };
		516DE8832B5FD2040041D994 /* BookReactor.swift */ = {isa = PBXFileReference; lastKnownFileType = sourcecode.swift; path = BookReactor.swift; sourceTree = "<group>"; };
		516DE8862B5FD31A0041D994 /* ReadingState.swift */ = {isa = PBXFileReference; lastKnownFileType = sourcecode.swift; path = ReadingState.swift; sourceTree = "<group>"; };
		51995C002B619CE60010783C /* FinishedView.swift */ = {isa = PBXFileReference; lastKnownFileType = sourcecode.swift; path = FinishedView.swift; sourceTree = "<group>"; };
		51995C022B619D250010783C /* FinishedReactor.swift */ = {isa = PBXFileReference; lastKnownFileType = sourcecode.swift; path = FinishedReactor.swift; sourceTree = "<group>"; };
		51995C042B619F610010783C /* BottomBar.swift */ = {isa = PBXFileReference; lastKnownFileType = sourcecode.swift; path = BottomBar.swift; sourceTree = "<group>"; };
		519AC29D2B5FBBAF009C1FD6 /* AppConfig.swift */ = {isa = PBXFileReference; lastKnownFileType = sourcecode.swift; path = AppConfig.swift; sourceTree = "<group>"; };
		51AB74BB2B6065A000570355 /* HomeView.swift */ = {isa = PBXFileReference; lastKnownFileType = sourcecode.swift; path = HomeView.swift; sourceTree = "<group>"; };
		51AB74BD2B6065A800570355 /* HomeReactor.swift */ = {isa = PBXFileReference; lastKnownFileType = sourcecode.swift; path = HomeReactor.swift; sourceTree = "<group>"; };
		51AB74BF2B6067C300570355 /* BookList.swift */ = {isa = PBXFileReference; lastKnownFileType = sourcecode.swift; path = BookList.swift; sourceTree = "<group>"; };
		51E0DE522B5EB21400403A8C /* RegistrationView.swift */ = {isa = PBXFileReference; lastKnownFileType = sourcecode.swift; path = RegistrationView.swift; sourceTree = "<group>"; };
		51E0DE542B5EB24B00403A8C /* RegistrationReactor.swift */ = {isa = PBXFileReference; lastKnownFileType = sourcecode.swift; path = RegistrationReactor.swift; sourceTree = "<group>"; };
		7555FF7B242A565900829871 /* BookOdysseeKM_iOS.app */ = {isa = PBXFileReference; explicitFileType = wrapper.application; includeInIndex = 0; path = BookOdysseeKM_iOS.app; sourceTree = BUILT_PRODUCTS_DIR; };
		7555FF82242A565900829871 /* ContentView.swift */ = {isa = PBXFileReference; lastKnownFileType = sourcecode.swift; path = ContentView.swift; sourceTree = "<group>"; };
		7555FF8C242A565B00829871 /* Info.plist */ = {isa = PBXFileReference; lastKnownFileType = text.plist.xml; path = Info.plist; sourceTree = "<group>"; };
/* End PBXFileReference section */

/* Begin PBXFrameworksBuildPhase section */
		5110D3C92BE7B62A00F91AB9 /* Frameworks */ = {
			isa = PBXFrameworksBuildPhase;
			buildActionMask = 2147483647;
			files = (
			);
			runOnlyForDeploymentPostprocessing = 0;
		};
		7555FF78242A565900829871 /* Frameworks */ = {
			isa = PBXFrameworksBuildPhase;
			buildActionMask = 2147483647;
			files = (
				512B5F6C2B5D53DD00A2A3ED /* KMPNativeCoroutinesAsync in Frameworks */,
				516D69992B5C191C00908D6C /* AsyncReactor in Frameworks */,
				512B5F6E2B5D53DD00A2A3ED /* KMPNativeCoroutinesCore in Frameworks */,
			);
			runOnlyForDeploymentPostprocessing = 0;
		};
/* End PBXFrameworksBuildPhase section */

/* Begin PBXGroup section */
		058557D7273AAEEB004C7B11 /* Preview Content */ = {
			isa = PBXGroup;
			children = (
				058557D8273AAEEB004C7B11 /* Preview Assets.xcassets */,
			);
			path = "Preview Content";
			sourceTree = "<group>";
		};
		5110D3CD2BE7B62A00F91AB9 /* BookOdysseeKM_iOSUITests */ = {
			isa = PBXGroup;
			children = (
				5110D3CE2BE7B62A00F91AB9 /* BookOdysseeKM_iOSUITests.swift */,
				5110D3D02BE7B62A00F91AB9 /* BookOdysseeKM_iOSUITestsLaunchTests.swift */,
			);
			path = BookOdysseeKM_iOSUITests;
			sourceTree = "<group>";
		};
		512B5F6F2B5D541E00A2A3ED /* Search */ = {
			isa = PBXGroup;
			children = (
				512B5F702B5D542A00A2A3ED /* SearchView.swift */,
				512B5F722B5D544400A2A3ED /* SearchReactor.swift */,
			);
			path = Search;
			sourceTree = "<group>";
		};
		512B5F742B5D54AE00A2A3ED /* BaseItems */ = {
			isa = PBXGroup;
			children = (
				512B5F752B5D54BA00A2A3ED /* BookDataRow.swift */,
				51AB74BF2B6067C300570355 /* BookList.swift */,
				51995C042B619F610010783C /* BottomBar.swift */,
			);
			path = BaseItems;
			sourceTree = "<group>";
		};
		516D69912B5C18D000908D6C /* Login */ = {
			isa = PBXGroup;
			children = (
				516D69922B5C18D900908D6C /* LoginView.swift */,
				516D699A2B5C1A4E00908D6C /* LoginReactor.swift */,
			);
			path = Login;
			sourceTree = "<group>";
		};
		516D69942B5C18E700908D6C /* Start */ = {
			isa = PBXGroup;
			children = (
				516D69952B5C18F000908D6C /* StartView.swift */,
			);
			path = Start;
			sourceTree = "<group>";
		};
		516DE87C2B5FD18F0041D994 /* Book */ = {
			isa = PBXGroup;
			children = (
				516DE87F2B5FD1DB0041D994 /* DataRow.swift */,
				516DE8812B5FD1F30041D994 /* BookView.swift */,
				516DE8832B5FD2040041D994 /* BookReactor.swift */,
			);
			path = Book;
			sourceTree = "<group>";
		};
		516DE8852B5FD2EE0041D994 /* Persistence */ = {
			isa = PBXGroup;
			children = (
				516DE8862B5FD31A0041D994 /* ReadingState.swift */,
			);
			path = Persistence;
			sourceTree = "<group>";
		};
		51995BFF2B619CDD0010783C /* Finished */ = {
			isa = PBXGroup;
			children = (
				51995C002B619CE60010783C /* FinishedView.swift */,
				51995C022B619D250010783C /* FinishedReactor.swift */,
			);
			path = Finished;
			sourceTree = "<group>";
		};
		51AB74BA2B60659800570355 /* Home */ = {
			isa = PBXGroup;
			children = (
				51AB74BB2B6065A000570355 /* HomeView.swift */,
				51AB74BD2B6065A800570355 /* HomeReactor.swift */,
			);
			path = Home;
			sourceTree = "<group>";
		};
		51E0DE512B5EB20900403A8C /* Registration */ = {
			isa = PBXGroup;
			children = (
				51E0DE522B5EB21400403A8C /* RegistrationView.swift */,
				51E0DE542B5EB24B00403A8C /* RegistrationReactor.swift */,
			);
			path = Registration;
			sourceTree = "<group>";
		};
		7555FF72242A565900829871 = {
			isa = PBXGroup;
			children = (
				7555FF7D242A565900829871 /* BookOdysseeKM_iOS */,
				5110D3CD2BE7B62A00F91AB9 /* BookOdysseeKM_iOSUITests */,
				7555FF7C242A565900829871 /* Products */,
				7555FFB0242A642200829871 /* Frameworks */,
			);
			sourceTree = "<group>";
		};
		7555FF7C242A565900829871 /* Products */ = {
			isa = PBXGroup;
			children = (
				7555FF7B242A565900829871 /* BookOdysseeKM_iOS.app */,
				5110D3CC2BE7B62A00F91AB9 /* BookOdysseeKM_iOSUITests.xctest */,
			);
			name = Products;
			sourceTree = "<group>";
		};
		7555FF7D242A565900829871 /* BookOdysseeKM_iOS */ = {
			isa = PBXGroup;
			children = (
				51995BFF2B619CDD0010783C /* Finished */,
				51AB74BA2B60659800570355 /* Home */,
				516DE8852B5FD2EE0041D994 /* Persistence */,
				516DE87C2B5FD18F0041D994 /* Book */,
				51E0DE512B5EB20900403A8C /* Registration */,
				512B5F742B5D54AE00A2A3ED /* BaseItems */,
				512B5F6F2B5D541E00A2A3ED /* Search */,
				516D69942B5C18E700908D6C /* Start */,
				516D69912B5C18D000908D6C /* Login */,
				058557BA273AAA24004C7B11 /* Assets.xcassets */,
				7555FF82242A565900829871 /* ContentView.swift */,
				7555FF8C242A565B00829871 /* Info.plist */,
				2152FB032600AC8F00CF470E /* iOSApp.swift */,
				519AC29D2B5FBBAF009C1FD6 /* AppConfig.swift */,
				058557D7273AAEEB004C7B11 /* Preview Content */,
			);
			path = BookOdysseeKM_iOS;
			sourceTree = "<group>";
		};
		7555FFB0242A642200829871 /* Frameworks */ = {
			isa = PBXGroup;
			children = (
			);
			name = Frameworks;
			sourceTree = "<group>";
		};
/* End PBXGroup section */

/* Begin PBXNativeTarget section */
		5110D3CB2BE7B62A00F91AB9 /* BookOdysseeKM_iOSUITests */ = {
			isa = PBXNativeTarget;
			buildConfigurationList = 5110D3D62BE7B62A00F91AB9 /* Build configuration list for PBXNativeTarget "BookOdysseeKM_iOSUITests" */;
			buildPhases = (
				5110D3C82BE7B62A00F91AB9 /* Sources */,
				5110D3C92BE7B62A00F91AB9 /* Frameworks */,
				5110D3CA2BE7B62A00F91AB9 /* Resources */,
			);
			buildRules = (
			);
			dependencies = (
				5110D3D32BE7B62A00F91AB9 /* PBXTargetDependency */,
			);
			name = BookOdysseeKM_iOSUITests;
			productName = BookOdysseeKM_iOSUITests;
			productReference = 5110D3CC2BE7B62A00F91AB9 /* BookOdysseeKM_iOSUITests.xctest */;
			productType = "com.apple.product-type.bundle.ui-testing";
		};
		7555FF7A242A565900829871 /* BookOdysseeKM_iOS */ = {
			isa = PBXNativeTarget;
			buildConfigurationList = 7555FFA5242A565B00829871 /* Build configuration list for PBXNativeTarget "BookOdysseeKM_iOS" */;
			buildPhases = (
				7555FFB5242A651A00829871 /* ShellScript */,
				7555FF77242A565900829871 /* Sources */,
				7555FF78242A565900829871 /* Frameworks */,
				7555FF79242A565900829871 /* Resources */,
				7555FFB4242A642300829871 /* Embed Frameworks */,
			);
			buildRules = (
			);
			dependencies = (
			);
			name = BookOdysseeKM_iOS;
			packageProductDependencies = (
				516D69982B5C191C00908D6C /* AsyncReactor */,
				512B5F6B2B5D53DD00A2A3ED /* KMPNativeCoroutinesAsync */,
				512B5F6D2B5D53DD00A2A3ED /* KMPNativeCoroutinesCore */,
			);
			productName = BookOdysseeKM_iOS;
			productReference = 7555FF7B242A565900829871 /* BookOdysseeKM_iOS.app */;
			productType = "com.apple.product-type.application";
		};
/* End PBXNativeTarget section */

/* Begin PBXProject section */
		7555FF73242A565900829871 /* Project object */ = {
			isa = PBXProject;
			attributes = {
				LastSwiftUpdateCheck = 1500;
				LastUpgradeCheck = 1130;
				ORGANIZATIONNAME = orgName;
				TargetAttributes = {
					5110D3CB2BE7B62A00F91AB9 = {
						CreatedOnToolsVersion = 15.0.1;
						TestTargetID = 7555FF7A242A565900829871;
					};
					7555FF7A242A565900829871 = {
						CreatedOnToolsVersion = 11.3.1;
					};
				};
			};
			buildConfigurationList = 7555FF76242A565900829871 /* Build configuration list for PBXProject "BookOdysseeKM_iOS" */;
			compatibilityVersion = "Xcode 9.3";
			developmentRegion = en;
			hasScannedForEncodings = 0;
			knownRegions = (
				en,
				Base,
			);
			mainGroup = 7555FF72242A565900829871;
			packageReferences = (
				516D69972B5C191C00908D6C /* XCRemoteSwiftPackageReference "AsyncReactor" */,
				512B5F6A2B5D53DD00A2A3ED /* XCRemoteSwiftPackageReference "KMP-NativeCoroutines" */,
			);
			productRefGroup = 7555FF7C242A565900829871 /* Products */;
			projectDirPath = "";
			projectRoot = "";
			targets = (
				7555FF7A242A565900829871 /* BookOdysseeKM_iOS */,
				5110D3CB2BE7B62A00F91AB9 /* BookOdysseeKM_iOSUITests */,
			);
		};
/* End PBXProject section */

/* Begin PBXResourcesBuildPhase section */
		5110D3CA2BE7B62A00F91AB9 /* Resources */ = {
			isa = PBXResourcesBuildPhase;
			buildActionMask = 2147483647;
			files = (
			);
			runOnlyForDeploymentPostprocessing = 0;
		};
		7555FF79242A565900829871 /* Resources */ = {
			isa = PBXResourcesBuildPhase;
			buildActionMask = 2147483647;
			files = (
				058557D9273AAEEB004C7B11 /* Preview Assets.xcassets in Resources */,
				058557BB273AAA24004C7B11 /* Assets.xcassets in Resources */,
			);
			runOnlyForDeploymentPostprocessing = 0;
		};
/* End PBXResourcesBuildPhase section */

/* Begin PBXShellScriptBuildPhase section */
		7555FFB5242A651A00829871 /* ShellScript */ = {
			isa = PBXShellScriptBuildPhase;
			buildActionMask = 2147483647;
			files = (
			);
			inputFileListPaths = (
			);
			inputPaths = (
			);
			outputFileListPaths = (
			);
			outputPaths = (
			);
			runOnlyForDeploymentPostprocessing = 0;
			shellPath = /bin/sh;
			shellScript = "cd \"$SRCROOT/..\"\n./gradlew :shared:embedAndSignAppleFrameworkForXcode\n";
		};
/* End PBXShellScriptBuildPhase section */

/* Begin PBXSourcesBuildPhase section */
		5110D3C82BE7B62A00F91AB9 /* Sources */ = {
			isa = PBXSourcesBuildPhase;
			buildActionMask = 2147483647;
			files = (
				5110D3D12BE7B62A00F91AB9 /* BookOdysseeKM_iOSUITestsLaunchTests.swift in Sources */,
				5110D3CF2BE7B62A00F91AB9 /* BookOdysseeKM_iOSUITests.swift in Sources */,
			);
			runOnlyForDeploymentPostprocessing = 0;
		};
		7555FF77242A565900829871 /* Sources */ = {
			isa = PBXSourcesBuildPhase;
			buildActionMask = 2147483647;
			files = (
				51995C012B619CE60010783C /* FinishedView.swift in Sources */,
				516DE8872B5FD31A0041D994 /* ReadingState.swift in Sources */,
				51995C032B619D250010783C /* FinishedReactor.swift in Sources */,
				516D69932B5C18D900908D6C /* LoginView.swift in Sources */,
				512B5F762B5D54BA00A2A3ED /* BookDataRow.swift in Sources */,
				519AC29E2B5FBBAF009C1FD6 /* AppConfig.swift in Sources */,
				516DE8822B5FD1F30041D994 /* BookView.swift in Sources */,
				2152FB042600AC8F00CF470E /* iOSApp.swift in Sources */,
				51E0DE532B5EB21400403A8C /* RegistrationView.swift in Sources */,
				516D699B2B5C1A4E00908D6C /* LoginReactor.swift in Sources */,
				516DE8802B5FD1DB0041D994 /* DataRow.swift in Sources */,
				51995C052B619F610010783C /* BottomBar.swift in Sources */,
				51E0DE552B5EB24B00403A8C /* RegistrationReactor.swift in Sources */,
				51AB74BE2B6065A800570355 /* HomeReactor.swift in Sources */,
				7555FF83242A565900829871 /* ContentView.swift in Sources */,
				51AB74C02B6067C300570355 /* BookList.swift in Sources */,
				512B5F712B5D542A00A2A3ED /* SearchView.swift in Sources */,
				516DE8842B5FD2040041D994 /* BookReactor.swift in Sources */,
				51AB74BC2B6065A000570355 /* HomeView.swift in Sources */,
				512B5F732B5D544400A2A3ED /* SearchReactor.swift in Sources */,
				516D69962B5C18F000908D6C /* StartView.swift in Sources */,
			);
			runOnlyForDeploymentPostprocessing = 0;
		};
/* End PBXSourcesBuildPhase section */

/* Begin PBXTargetDependency section */
		5110D3D32BE7B62A00F91AB9 /* PBXTargetDependency */ = {
			isa = PBXTargetDependency;
			target = 7555FF7A242A565900829871 /* BookOdysseeKM_iOS */;
			targetProxy = 5110D3D22BE7B62A00F91AB9 /* PBXContainerItemProxy */;
		};
/* End PBXTargetDependency section */

/* Begin XCBuildConfiguration section */
		5110D3D42BE7B62A00F91AB9 /* Debug */ = {
			isa = XCBuildConfiguration;
			buildSettings = {
				ASSETCATALOG_COMPILER_GENERATE_SWIFT_ASSET_SYMBOL_EXTENSIONS = YES;
				CLANG_CXX_LANGUAGE_STANDARD = "gnu++20";
				CODE_SIGN_STYLE = Automatic;
				CURRENT_PROJECT_VERSION = 1;
				DEBUG_INFORMATION_FORMAT = dwarf;
				DEVELOPMENT_TEAM = 3D44C87DMJ;
				ENABLE_USER_SCRIPT_SANDBOXING = YES;
				GCC_C_LANGUAGE_STANDARD = gnu17;
				GENERATE_INFOPLIST_FILE = YES;
				IPHONEOS_DEPLOYMENT_TARGET = 16.5;
				LOCALIZATION_PREFERS_STRING_CATALOGS = YES;
				MARKETING_VERSION = 1.0;
				PRODUCT_BUNDLE_IDENTIFIER = "com.tailoredapps.BookOdysseeKM-iOSUITests";
				PRODUCT_NAME = "$(TARGET_NAME)";
				SWIFT_ACTIVE_COMPILATION_CONDITIONS = "DEBUG $(inherited)";
				SWIFT_EMIT_LOC_STRINGS = NO;
				SWIFT_VERSION = 5.0;
				TARGETED_DEVICE_FAMILY = "1,2";
				TEST_TARGET_NAME = BookOdysseeKM_iOS;
			};
			name = Debug;
		};
		5110D3D52BE7B62A00F91AB9 /* Release */ = {
			isa = XCBuildConfiguration;
			buildSettings = {
				ASSETCATALOG_COMPILER_GENERATE_SWIFT_ASSET_SYMBOL_EXTENSIONS = YES;
				CLANG_CXX_LANGUAGE_STANDARD = "gnu++20";
				CODE_SIGN_STYLE = Automatic;
				CURRENT_PROJECT_VERSION = 1;
				DEVELOPMENT_TEAM = 3D44C87DMJ;
				ENABLE_USER_SCRIPT_SANDBOXING = YES;
				GCC_C_LANGUAGE_STANDARD = gnu17;
				GENERATE_INFOPLIST_FILE = YES;
				IPHONEOS_DEPLOYMENT_TARGET = 16.5;
				LOCALIZATION_PREFERS_STRING_CATALOGS = YES;
				MARKETING_VERSION = 1.0;
				PRODUCT_BUNDLE_IDENTIFIER = "com.tailoredapps.BookOdysseeKM-iOSUITests";
				PRODUCT_NAME = "$(TARGET_NAME)";
				SWIFT_EMIT_LOC_STRINGS = NO;
				SWIFT_VERSION = 5.0;
				TARGETED_DEVICE_FAMILY = "1,2";
				TEST_TARGET_NAME = BookOdysseeKM_iOS;
			};
			name = Release;
		};
		7555FFA3242A565B00829871 /* Debug */ = {
			isa = XCBuildConfiguration;
			buildSettings = {
				ALWAYS_SEARCH_USER_PATHS = NO;
				CLANG_ANALYZER_NONNULL = YES;
				CLANG_ANALYZER_NUMBER_OBJECT_CONVERSION = YES_AGGRESSIVE;
				CLANG_CXX_LANGUAGE_STANDARD = "gnu++14";
				CLANG_CXX_LIBRARY = "libc++";
				CLANG_ENABLE_MODULES = YES;
				CLANG_ENABLE_OBJC_ARC = YES;
				CLANG_ENABLE_OBJC_WEAK = YES;
				CLANG_WARN_BLOCK_CAPTURE_AUTORELEASING = YES;
				CLANG_WARN_BOOL_CONVERSION = YES;
				CLANG_WARN_COMMA = YES;
				CLANG_WARN_CONSTANT_CONVERSION = YES;
				CLANG_WARN_DEPRECATED_OBJC_IMPLEMENTATIONS = YES;
				CLANG_WARN_DIRECT_OBJC_ISA_USAGE = YES_ERROR;
				CLANG_WARN_DOCUMENTATION_COMMENTS = YES;
				CLANG_WARN_EMPTY_BODY = YES;
				CLANG_WARN_ENUM_CONVERSION = YES;
				CLANG_WARN_INFINITE_RECURSION = YES;
				CLANG_WARN_INT_CONVERSION = YES;
				CLANG_WARN_NON_LITERAL_NULL_CONVERSION = YES;
				CLANG_WARN_OBJC_IMPLICIT_RETAIN_SELF = YES;
				CLANG_WARN_OBJC_LITERAL_CONVERSION = YES;
				CLANG_WARN_OBJC_ROOT_CLASS = YES_ERROR;
				CLANG_WARN_QUOTED_INCLUDE_IN_FRAMEWORK_HEADER = YES;
				CLANG_WARN_RANGE_LOOP_ANALYSIS = YES;
				CLANG_WARN_STRICT_PROTOTYPES = YES;
				CLANG_WARN_SUSPICIOUS_MOVE = YES;
				CLANG_WARN_UNGUARDED_AVAILABILITY = YES_AGGRESSIVE;
				CLANG_WARN_UNREACHABLE_CODE = YES;
				CLANG_WARN__DUPLICATE_METHOD_MATCH = YES;
				COPY_PHASE_STRIP = NO;
				DEBUG_INFORMATION_FORMAT = "dwarf-with-dsym";
				ENABLE_STRICT_OBJC_MSGSEND = YES;
				ENABLE_TESTABILITY = YES;
				GCC_C_LANGUAGE_STANDARD = gnu11;
				GCC_DYNAMIC_NO_PIC = NO;
				GCC_NO_COMMON_BLOCKS = YES;
				GCC_OPTIMIZATION_LEVEL = 0;
				GCC_PREPROCESSOR_DEFINITIONS = (
					"DEBUG=1",
					"$(inherited)",
				);
				GCC_WARN_64_TO_32_BIT_CONVERSION = YES;
				GCC_WARN_ABOUT_RETURN_TYPE = YES_ERROR;
				GCC_WARN_UNDECLARED_SELECTOR = YES;
				GCC_WARN_UNINITIALIZED_AUTOS = YES_AGGRESSIVE;
				GCC_WARN_UNUSED_FUNCTION = YES;
				GCC_WARN_UNUSED_VARIABLE = YES;
				IPHONEOS_DEPLOYMENT_TARGET = 16.5;
				MTL_ENABLE_DEBUG_INFO = INCLUDE_SOURCE;
				MTL_FAST_MATH = YES;
				ONLY_ACTIVE_ARCH = YES;
				SDKROOT = iphoneos;
				SWIFT_ACTIVE_COMPILATION_CONDITIONS = DEBUG;
				SWIFT_OPTIMIZATION_LEVEL = "-Onone";
			};
			name = Debug;
		};
		7555FFA4242A565B00829871 /* Release */ = {
			isa = XCBuildConfiguration;
			buildSettings = {
				ALWAYS_SEARCH_USER_PATHS = NO;
				CLANG_ANALYZER_NONNULL = YES;
				CLANG_ANALYZER_NUMBER_OBJECT_CONVERSION = YES_AGGRESSIVE;
				CLANG_CXX_LANGUAGE_STANDARD = "gnu++14";
				CLANG_CXX_LIBRARY = "libc++";
				CLANG_ENABLE_MODULES = YES;
				CLANG_ENABLE_OBJC_ARC = YES;
				CLANG_ENABLE_OBJC_WEAK = YES;
				CLANG_WARN_BLOCK_CAPTURE_AUTORELEASING = YES;
				CLANG_WARN_BOOL_CONVERSION = YES;
				CLANG_WARN_COMMA = YES;
				CLANG_WARN_CONSTANT_CONVERSION = YES;
				CLANG_WARN_DEPRECATED_OBJC_IMPLEMENTATIONS = YES;
				CLANG_WARN_DIRECT_OBJC_ISA_USAGE = YES_ERROR;
				CLANG_WARN_DOCUMENTATION_COMMENTS = YES;
				CLANG_WARN_EMPTY_BODY = YES;
				CLANG_WARN_ENUM_CONVERSION = YES;
				CLANG_WARN_INFINITE_RECURSION = YES;
				CLANG_WARN_INT_CONVERSION = YES;
				CLANG_WARN_NON_LITERAL_NULL_CONVERSION = YES;
				CLANG_WARN_OBJC_IMPLICIT_RETAIN_SELF = YES;
				CLANG_WARN_OBJC_LITERAL_CONVERSION = YES;
				CLANG_WARN_OBJC_ROOT_CLASS = YES_ERROR;
				CLANG_WARN_QUOTED_INCLUDE_IN_FRAMEWORK_HEADER = YES;
				CLANG_WARN_RANGE_LOOP_ANALYSIS = YES;
				CLANG_WARN_STRICT_PROTOTYPES = YES;
				CLANG_WARN_SUSPICIOUS_MOVE = YES;
				CLANG_WARN_UNGUARDED_AVAILABILITY = YES_AGGRESSIVE;
				CLANG_WARN_UNREACHABLE_CODE = YES;
				CLANG_WARN__DUPLICATE_METHOD_MATCH = YES;
				COPY_PHASE_STRIP = NO;
				DEBUG_INFORMATION_FORMAT = "dwarf-with-dsym";
				ENABLE_NS_ASSERTIONS = NO;
				ENABLE_STRICT_OBJC_MSGSEND = YES;
				GCC_C_LANGUAGE_STANDARD = gnu11;
				GCC_NO_COMMON_BLOCKS = YES;
				GCC_WARN_64_TO_32_BIT_CONVERSION = YES;
				GCC_WARN_ABOUT_RETURN_TYPE = YES_ERROR;
				GCC_WARN_UNDECLARED_SELECTOR = YES;
				GCC_WARN_UNINITIALIZED_AUTOS = YES_AGGRESSIVE;
				GCC_WARN_UNUSED_FUNCTION = YES;
				GCC_WARN_UNUSED_VARIABLE = YES;
				IPHONEOS_DEPLOYMENT_TARGET = 16.5;
				MTL_ENABLE_DEBUG_INFO = NO;
				MTL_FAST_MATH = YES;
				SDKROOT = iphoneos;
				SWIFT_COMPILATION_MODE = wholemodule;
				SWIFT_OPTIMIZATION_LEVEL = "-O";
				VALIDATE_PRODUCT = YES;
			};
			name = Release;
		};
		7555FFA6242A565B00829871 /* Debug */ = {
			isa = XCBuildConfiguration;
			buildSettings = {
				ASSETCATALOG_COMPILER_APPICON_NAME = AppIcon;
				CODE_SIGN_STYLE = Automatic;
				DEVELOPMENT_ASSET_PATHS = "\"BookOdysseeKM_iOS/Preview Content\"";
				DEVELOPMENT_TEAM = 3D44C87DMJ;
				ENABLE_PREVIEWS = YES;
				FRAMEWORK_SEARCH_PATHS = (
					"$(inherited)",
					"$(SRCROOT)/../shared/build/xcode-frameworks/$(CONFIGURATION)/$(SDK_NAME)",
				);
				INFOPLIST_FILE = BookOdysseeKM_iOS/Info.plist;
				IPHONEOS_DEPLOYMENT_TARGET = 16.5;
				LD_RUNPATH_SEARCH_PATHS = (
					"$(inherited)",
					"@executable_path/Frameworks",
				);
				OTHER_LDFLAGS = (
					"$(inherited)",
					"-framework",
					shared,
				);
				"OTHER_LDFLAGS[arch=*]" = "-lsqlite3";
				PRODUCT_BUNDLE_IDENTIFIER = "orgIdentifier.BookOdysseeKM-iOS";
				PRODUCT_NAME = "$(TARGET_NAME)";
				SWIFT_VERSION = 5.0;
				TARGETED_DEVICE_FAMILY = "1,2";
			};
			name = Debug;
		};
		7555FFA7242A565B00829871 /* Release */ = {
			isa = XCBuildConfiguration;
			buildSettings = {
				ASSETCATALOG_COMPILER_APPICON_NAME = AppIcon;
				CODE_SIGN_STYLE = Automatic;
				DEVELOPMENT_ASSET_PATHS = "\"BookOdysseeKM_iOS/Preview Content\"";
				DEVELOPMENT_TEAM = 3D44C87DMJ;
				ENABLE_PREVIEWS = YES;
				FRAMEWORK_SEARCH_PATHS = (
					"$(inherited)",
					"$(SRCROOT)/../shared/build/xcode-frameworks/$(CONFIGURATION)/$(SDK_NAME)",
				);
				INFOPLIST_FILE = BookOdysseeKM_iOS/Info.plist;
				IPHONEOS_DEPLOYMENT_TARGET = 16.5;
				LD_RUNPATH_SEARCH_PATHS = (
					"$(inherited)",
					"@executable_path/Frameworks",
				);
				OTHER_LDFLAGS = (
					"$(inherited)",
					"-framework",
					shared,
				);
				PRODUCT_BUNDLE_IDENTIFIER = "orgIdentifier.BookOdysseeKM-iOS";
				PRODUCT_NAME = "$(TARGET_NAME)";
				SWIFT_VERSION = 5.0;
				TARGETED_DEVICE_FAMILY = "1,2";
			};
			name = Release;
		};
/* End XCBuildConfiguration section */

/* Begin XCConfigurationList section */
		5110D3D62BE7B62A00F91AB9 /* Build configuration list for PBXNativeTarget "BookOdysseeKM_iOSUITests" */ = {
			isa = XCConfigurationList;
			buildConfigurations = (
				5110D3D42BE7B62A00F91AB9 /* Debug */,
				5110D3D52BE7B62A00F91AB9 /* Release */,
			);
			defaultConfigurationIsVisible = 0;
			defaultConfigurationName = Release;
		};
		7555FF76242A565900829871 /* Build configuration list for PBXProject "BookOdysseeKM_iOS" */ = {
			isa = XCConfigurationList;
			buildConfigurations = (
				7555FFA3242A565B00829871 /* Debug */,
				7555FFA4242A565B00829871 /* Release */,
			);
			defaultConfigurationIsVisible = 0;
			defaultConfigurationName = Release;
		};
		7555FFA5242A565B00829871 /* Build configuration list for PBXNativeTarget "BookOdysseeKM_iOS" */ = {
			isa = XCConfigurationList;
			buildConfigurations = (
				7555FFA6242A565B00829871 /* Debug */,
				7555FFA7242A565B00829871 /* Release */,
			);
			defaultConfigurationIsVisible = 0;
			defaultConfigurationName = Release;
		};
/* End XCConfigurationList section */

/* Begin XCRemoteSwiftPackageReference section */
		512B5F6A2B5D53DD00A2A3ED /* XCRemoteSwiftPackageReference "KMP-NativeCoroutines" */ = {
			isa = XCRemoteSwiftPackageReference;
			repositoryURL = "https://github.com/rickclephas/KMP-NativeCoroutines.git";
			requirement = {
				branch = master;
				kind = branch;
			};
		};
		516D69972B5C191C00908D6C /* XCRemoteSwiftPackageReference "AsyncReactor" */ = {
			isa = XCRemoteSwiftPackageReference;
			repositoryURL = "https://github.com/diamirio/AsyncReactor";
			requirement = {
				kind = upToNextMajorVersion;
				minimumVersion = 1.1.0;
			};
		};
/* End XCRemoteSwiftPackageReference section */

/* Begin XCSwiftPackageProductDependency section */
		512B5F6B2B5D53DD00A2A3ED /* KMPNativeCoroutinesAsync */ = {
			isa = XCSwiftPackageProductDependency;
			package = 512B5F6A2B5D53DD00A2A3ED /* XCRemoteSwiftPackageReference "KMP-NativeCoroutines" */;
			productName = KMPNativeCoroutinesAsync;
		};
		512B5F6D2B5D53DD00A2A3ED /* KMPNativeCoroutinesCore */ = {
			isa = XCSwiftPackageProductDependency;
			package = 512B5F6A2B5D53DD00A2A3ED /* XCRemoteSwiftPackageReference "KMP-NativeCoroutines" */;
			productName = KMPNativeCoroutinesCore;
		};
		516D69982B5C191C00908D6C /* AsyncReactor */ = {
			isa = XCSwiftPackageProductDependency;
			package = 516D69972B5C191C00908D6C /* XCRemoteSwiftPackageReference "AsyncReactor" */;
			productName = AsyncReactor;
		};
/* End XCSwiftPackageProductDependency section */
	};
	rootObject = 7555FF73242A565900829871 /* Project object */;
}
